<?xml version="1.0" encoding="utf-8"?>
<Project ToolsVersion="4.0" xmlns="http://schemas.microsoft.com/developer/msbuild/2003">
  <ItemGroup>
    <Filter Include="Src">
      <UniqueIdentifier>{fb30f535-356e-4775-94c8-27bf7bf40f45}</UniqueIdentifier>
    </Filter>
    <Filter Include="Src\IoCP">
      <UniqueIdentifier>{30b14f0d-8a8d-41f8-84fc-99966eb05317}</UniqueIdentifier>
    </Filter>
    <Filter Include="Src\ServerEngine">
      <UniqueIdentifier>{fb1eb7b0-82a4-48a8-8fe5-c1159cb9f9a9}</UniqueIdentifier>
    </Filter>
    <Filter Include="Src\ServerUtil">
      <UniqueIdentifier>{0505e005-dc65-4d44-aff5-5ea35d2063eb}</UniqueIdentifier>
    </Filter>
  </ItemGroup>
  <ItemGroup>
    <ClCompile Include="Src\Main.cpp">
      <Filter>Src</Filter>
    </ClCompile>
    <ClCompile Include="Src\IoCP\IOCPModel.cpp">
      <Filter>Src\IoCP</Filter>
    </ClCompile>
    <ClCompile Include="Src\ServerEngine\MyServerEngine.cpp">
      <Filter>Src\ServerEngine</Filter>
    </ClCompile>
    <ClCompile Include="Src\ServerUtil\pub.cpp">
      <Filter>Src\ServerUtil</Filter>
    </ClCompile>
  </ItemGroup>
  <ItemGroup>
    <ClInclude Include="Src\IoCP\IOCPModel.h">
      <Filter>Src\IoCP</Filter>
    </ClInclude>
    <ClInclude Include="Src\IoCP\PER_IO_CONTEXT.h">
      <Filter>Src\IoCP</Filter>
    </ClInclude>
    <ClInclude Include="Src\IoCP\PER_SOCKET_CONTEXT.h">
      <Filter>Src\IoCP</Filter>
    </ClInclude>
    <ClInclude Include="Src\ServerEngine\MyServerEngine.h">
      <Filter>Src\ServerEngine</Filter>
    </ClInclude>
    <ClInclude Include="Src\ServerUtil\pub.h">
      <Filter>Src\ServerUtil</Filter>
    </ClInclude>
  </ItemGroup>
</Project>