<?xml version="1.0" encoding="utf-8"?>
<Project ToolsVersion="4.0" xmlns="http://schemas.microsoft.com/developer/msbuild/2003">
  <ItemGroup>
    <ClCompile Include="MainDlg.cpp">
      <Filter>MyServer</Filter>
    </ClCompile>
    <ClCompile Include="IOCP\IOCPModel.cpp">
      <Filter>IOCP</Filter>
    </ClCompile>
    <ClCompile Include="IOCPServer.cpp">
      <Filter>MyServer</Filter>
    </ClCompile>
    <ClCompile Include="stdafx.cpp">
      <Filter>Other</Filter>
    </ClCompile>
  </ItemGroup>
  <ItemGroup>
    <ClInclude Include="MainDlg.h">
      <Filter>MyServer</Filter>
    </ClInclude>
    <ClInclude Include="IOCPServer.h">
      <Filter>MyServer</Filter>
    </ClInclude>
    <ClInclude Include="Resource.h">
      <Filter>Other</Filter>
    </ClInclude>
    <ClInclude Include="IOCP\IOCPModel.h">
      <Filter>IOCP</Filter>
    </ClInclude>
    <ClInclude Include="stdafx.h">
      <Filter>Other</Filter>
    </ClInclude>
    <ClInclude Include="targetver.h">
      <Filter>Other</Filter>
    </ClInclude>
  </ItemGroup>
  <ItemGroup>
    <Filter Include="IOCP">
      <UniqueIdentifier>{2903f2fb-e90d-4a8e-81d8-46b56bd2bf7c}</UniqueIdentifier>
    </Filter>
    <Filter Include="MyServer">
      <UniqueIdentifier>{d8afd729-0da7-450f-9be2-dc91ba2ca4cb}</UniqueIdentifier>
    </Filter>
    <Filter Include="Other">
      <UniqueIdentifier>{2f221b91-0e6d-426b-a988-215d40ebc284}</UniqueIdentifier>
    </Filter>
  </ItemGroup>
  <ItemGroup>
    <None Include="res\IOCPServer.rc2">
      <Filter>Other</Filter>
    </None>
    <None Include="ReadMe.txt">
      <Filter>Other</Filter>
    </None>
  </ItemGroup>
  <ItemGroup>
    <Image Include="res\IOCPServer.ico">
      <Filter>Other</Filter>
    </Image>
  </ItemGroup>
</Project>